
Microsoft Visual Studio Solution File, Format Version 12.00
# Visual Studio 15
Project("{FAE04EC0-301F-11D3-BF4B-00C04F79EFBC}") = "Scripts", "Scripts.csproj", "{A794BEA8-B996-F4EA-142F-30E8085AC6B2}"
EndProject
Project("{FAE04EC0-301F-11D3-BF4B-00C04F79EFBC}") = "Assembly-CSharp", "Assembly-CSharp.csproj", "{D9C63128-57AC-6F72-C9BB-599EE050EED8}"
EndProject
Project("{FAE04EC0-301F-11D3-BF4B-00C04F79EFBC}") = "EditMode", "EditMode.csproj", "{320E2B80-0343-6001-30B8-1730FB19108C}"
EndProject
Global
	GlobalSection(SolutionConfigurationPlatforms) = preSolution
		Debug|Any CPU = Debug|Any CPU
		Release|Any CPU = Release|Any CPU
	EndGlobalSection
	GlobalSection(ProjectConfigurationPlatforms) = postSolution
		{A794BEA8-B996-F4EA-142F-30E8085AC6B2}.Debug|Any CPU.ActiveCfg = Debug|Any CPU
		{A794BEA8-B996-F4EA-142F-30E8085AC6B2}.Debug|Any CPU.Build.0 = Debug|Any CPU
		{A794BEA8-B996-F4EA-142F-30E8085AC6B2}.Release|Any CPU.ActiveCfg = Release|Any CPU
		{A794BEA8-B996-F4EA-142F-30E8085AC6B2}.Release|Any CPU.Build.0 = Release|Any CPU
		{D9C63128-57AC-6F72-C9BB-599EE050EED8}.Debug|Any CPU.ActiveCfg = Debug|Any CPU
		{D9C63128-57AC-6F72-C9BB-599EE050EED8}.Debug|Any CPU.Build.0 = Debug|Any CPU
		{D9C63128-57AC-6F72-C9BB-599EE050EED8}.Release|Any CPU.ActiveCfg = Release|Any CPU
		{D9C63128-57AC-6F72-C9BB-599EE050EED8}.Release|Any CPU.Build.0 = Release|Any CPU
		{320E2B80-0343-6001-30B8-1730FB19108C}.Debug|Any CPU.ActiveCfg = Debug|Any CPU
		{320E2B80-0343-6001-30B8-1730FB19108C}.Debug|Any CPU.Build.0 = Debug|Any CPU
		{320E2B80-0343-6001-30B8-1730FB19108C}.Release|Any CPU.ActiveCfg = Release|Any CPU
		{320E2B80-0343-6001-30B8-1730FB19108C}.Release|Any CPU.Build.0 = Release|Any CPU
	EndGlobalSection
	GlobalSection(SolutionProperties) = preSolution
		HideSolutionNode = FALSE
	EndGlobalSection
EndGlobal
